
Microsoft Visual Studio Solution File, Format Version 12.00
# Visual Studio 14
VisualStudioVersion = 14.0.25420.1
MinimumVisualStudioVersion = 10.0.40219.1
Project("{FAE04EC0-301F-11D3-BF4B-00C04F79EFBC}") = "XamarinUWPdataBindBug.Droid", "XamarinUWPdataBindBug\XamarinUWPdataBindBug.Droid\XamarinUWPdataBindBug.Droid.csproj", "{621E39D3-2B87-4D49-B172-60539356B97D}"
EndProject
Project("{FAE04EC0-301F-11D3-BF4B-00C04F79EFBC}") = "XamarinUWPdataBindBug.iOS", "XamarinUWPdataBindBug\XamarinUWPdataBindBug.iOS\XamarinUWPdataBindBug.iOS.csproj", "{082CFB2D-5012-4450-8DB7-724BB620D0F1}"
EndProject
Project("{FAE04EC0-301F-11D3-BF4B-00C04F79EFBC}") = "XamarinUWPdataBindBug.WinPhone", "XamarinUWPdataBindBug\XamarinUWPdataBindBug.WinPhone\XamarinUWPdataBindBug.WinPhone.csproj", "{6CFC5DC5-3055-4F57-A4BB-7A642614F018}"
EndProject
Project("{FAE04EC0-301F-11D3-BF4B-00C04F79EFBC}") = "XamarinUWPdataBindBug.UWP", "XamarinUWPdataBindBug\XamarinUWPdataBindBug.UWP\XamarinUWPdataBindBug.UWP.csproj", "{A04F1A48-91DC-47DA-B2AC-D726D1C47D76}"
EndProject
Project("{FAE04EC0-301F-11D3-BF4B-00C04F79EFBC}") = "XamarinUWPdataBindBug.Windows", "XamarinUWPdataBindBug\XamarinUWPdataBindBug.Windows\XamarinUWPdataBindBug.Windows.csproj", "{7986BE1E-85D7-45EE-A1DF-77E61DD0F8D8}"
EndProject
Project("{FAE04EC0-301F-11D3-BF4B-00C04F79EFBC}") = "XamarinUWPdataBindBug", "XamarinUWPdataBindBug\XamarinUWPdataBindBug\XamarinUWPdataBindBug.csproj", "{BE551758-1FEB-4476-9259-5D6B4A9BA66E}"
EndProject
Global
	GlobalSection(SolutionConfigurationPlatforms) = preSolution
		Ad-Hoc|Any CPU = Ad-Hoc|Any CPU
		Ad-Hoc|ARM = Ad-Hoc|ARM
		Ad-Hoc|iPhone = Ad-Hoc|iPhone
		Ad-Hoc|iPhoneSimulator = Ad-Hoc|iPhoneSimulator
		Ad-Hoc|x64 = Ad-Hoc|x64
		Ad-Hoc|x86 = Ad-Hoc|x86
		AppStore|Any CPU = AppStore|Any CPU
		AppStore|ARM = AppStore|ARM
		AppStore|iPhone = AppStore|iPhone
		AppStore|iPhoneSimulator = AppStore|iPhoneSimulator
		AppStore|x64 = AppStore|x64
		AppStore|x86 = AppStore|x86
		Debug|Any CPU = Debug|Any CPU
		Debug|ARM = Debug|ARM
		Debug|iPhone = Debug|iPhone
		Debug|iPhoneSimulator = Debug|iPhoneSimulator
		Debug|x64 = Debug|x64
		Debug|x86 = Debug|x86
		Release|Any CPU = Release|Any CPU
		Release|ARM = Release|ARM
		Release|iPhone = Release|iPhone
		Release|iPhoneSimulator = Release|iPhoneSimulator
		Release|x64 = Release|x64
		Release|x86 = Release|x86
	EndGlobalSection
	GlobalSection(ProjectConfigurationPlatforms) = postSolution
		{621E39D3-2B87-4D49-B172-60539356B97D}.Ad-Hoc|Any CPU.ActiveCfg = Release|Any CPU
		{621E39D3-2B87-4D49-B172-60539356B97D}.Ad-Hoc|Any CPU.Build.0 = Release|Any CPU
		{621E39D3-2B87-4D49-B172-60539356B97D}.Ad-Hoc|Any CPU.Deploy.0 = Release|Any CPU
		{621E39D3-2B87-4D49-B172-60539356B97D}.Ad-Hoc|ARM.ActiveCfg = Release|Any CPU
		{621E39D3-2B87-4D49-B172-60539356B97D}.Ad-Hoc|ARM.Build.0 = Release|Any CPU
		{621E39D3-2B87-4D49-B172-60539356B97D}.Ad-Hoc|ARM.Deploy.0 = Release|Any CPU
		{621E39D3-2B87-4D49-B172-60539356B97D}.Ad-Hoc|iPhone.ActiveCfg = Release|Any CPU
		{621E39D3-2B87-4D49-B172-60539356B97D}.Ad-Hoc|iPhone.Build.0 = Release|Any CPU
		{621E39D3-2B87-4D49-B172-60539356B97D}.Ad-Hoc|iPhone.Deploy.0 = Release|Any CPU
		{621E39D3-2B87-4D49-B172-60539356B97D}.Ad-Hoc|iPhoneSimulator.ActiveCfg = Release|Any CPU
		{621E39D3-2B87-4D49-B172-60539356B97D}.Ad-Hoc|iPhoneSimulator.Build.0 = Release|Any CPU
		{621E39D3-2B87-4D49-B172-60539356B97D}.Ad-Hoc|iPhoneSimulator.Deploy.0 = Release|Any CPU
		{621E39D3-2B87-4D49-B172-60539356B97D}.Ad-Hoc|x64.ActiveCfg = Release|Any CPU
		{621E39D3-2B87-4D49-B172-60539356B97D}.Ad-Hoc|x64.Build.0 = Release|Any CPU
		{621E39D3-2B87-4D49-B172-60539356B97D}.Ad-Hoc|x64.Deploy.0 = Release|Any CPU
		{621E39D3-2B87-4D49-B172-60539356B97D}.Ad-Hoc|x86.ActiveCfg = Release|Any CPU
		{621E39D3-2B87-4D49-B172-60539356B97D}.Ad-Hoc|x86.Build.0 = Release|Any CPU
		{621E39D3-2B87-4D49-B172-60539356B97D}.Ad-Hoc|x86.Deploy.0 = Release|Any CPU
		{621E39D3-2B87-4D49-B172-60539356B97D}.AppStore|Any CPU.ActiveCfg = Release|Any CPU
		{621E39D3-2B87-4D49-B172-60539356B97D}.AppStore|Any CPU.Build.0 = Release|Any CPU
		{621E39D3-2B87-4D49-B172-60539356B97D}.AppStore|Any CPU.Deploy.0 = Release|Any CPU
		{621E39D3-2B87-4D49-B172-60539356B97D}.AppStore|ARM.ActiveCfg = Release|Any CPU
		{621E39D3-2B87-4D49-B172-60539356B97D}.AppStore|ARM.Build.0 = Release|Any CPU
		{621E39D3-2B87-4D49-B172-60539356B97D}.AppStore|ARM.Deploy.0 = Release|Any CPU
		{621E39D3-2B87-4D49-B172-60539356B97D}.AppStore|iPhone.ActiveCfg = Release|Any CPU
		{621E39D3-2B87-4D49-B172-60539356B97D}.AppStore|iPhone.Build.0 = Release|Any CPU
		{621E39D3-2B87-4D49-B172-60539356B97D}.AppStore|iPhone.Deploy.0 = Release|Any CPU
		{621E39D3-2B87-4D49-B172-60539356B97D}.AppStore|iPhoneSimulator.ActiveCfg = Release|Any CPU
		{621E39D3-2B87-4D49-B172-60539356B97D}.AppStore|iPhoneSimulator.Build.0 = Release|Any CPU
		{621E39D3-2B87-4D49-B172-60539356B97D}.AppStore|iPhoneSimulator.Deploy.0 = Release|Any CPU
		{621E39D3-2B87-4D49-B172-60539356B97D}.AppStore|x64.ActiveCfg = Release|Any CPU
		{621E39D3-2B87-4D49-B172-60539356B97D}.AppStore|x64.Build.0 = Release|Any CPU
		{621E39D3-2B87-4D49-B172-60539356B97D}.AppStore|x64.Deploy.0 = Release|Any CPU
		{621E39D3-2B87-4D49-B172-60539356B97D}.AppStore|x86.ActiveCfg = Release|Any CPU
		{621E39D3-2B87-4D49-B172-60539356B97D}.AppStore|x86.Build.0 = Release|Any CPU
		{621E39D3-2B87-4D49-B172-60539356B97D}.AppStore|x86.Deploy.0 = Release|Any CPU
		{621E39D3-2B87-4D49-B172-60539356B97D}.Debug|Any CPU.ActiveCfg = Debug|Any CPU
		{621E39D3-2B87-4D49-B172-60539356B97D}.Debug|Any CPU.Build.0 = Debug|Any CPU
		{621E39D3-2B87-4D49-B172-60539356B97D}.Debug|Any CPU.Deploy.0 = Debug|Any CPU
		{621E39D3-2B87-4D49-B172-60539356B97D}.Debug|ARM.ActiveCfg = Debug|Any CPU
		{621E39D3-2B87-4D49-B172-60539356B97D}.Debug|ARM.Build.0 = Debug|Any CPU
		{621E39D3-2B87-4D49-B172-60539356B97D}.Debug|ARM.Deploy.0 = Debug|Any CPU
		{621E39D3-2B87-4D49-B172-60539356B97D}.Debug|iPhone.ActiveCfg = Debug|Any CPU
		{621E39D3-2B87-4D49-B172-60539356B97D}.Debug|iPhone.Build.0 = Debug|Any CPU
		{621E39D3-2B87-4D49-B172-60539356B97D}.Debug|iPhone.Deploy.0 = Debug|Any CPU
		{621E39D3-2B87-4D49-B172-60539356B97D}.Debug|iPhoneSimulator.ActiveCfg = Debug|Any CPU
		{621E39D3-2B87-4D49-B172-60539356B97D}.Debug|iPhoneSimulator.Build.0 = Debug|Any CPU
		{621E39D3-2B87-4D49-B172-60539356B97D}.Debug|iPhoneSimulator.Deploy.0 = Debug|Any CPU
		{621E39D3-2B87-4D49-B172-60539356B97D}.Debug|x64.ActiveCfg = Debug|Any CPU
		{621E39D3-2B87-4D49-B172-60539356B97D}.Debug|x64.Build.0 = Debug|Any CPU
		{621E39D3-2B87-4D49-B172-60539356B97D}.Debug|x64.Deploy.0 = Debug|Any CPU
		{621E39D3-2B87-4D49-B172-60539356B97D}.Debug|x86.ActiveCfg = Debug|Any CPU
		{621E39D3-2B87-4D49-B172-60539356B97D}.Debug|x86.Build.0 = Debug|Any CPU
		{621E39D3-2B87-4D49-B172-60539356B97D}.Debug|x86.Deploy.0 = Debug|Any CPU
		{621E39D3-2B87-4D49-B172-60539356B97D}.Release|Any CPU.ActiveCfg = Release|Any CPU
		{621E39D3-2B87-4D49-B172-60539356B97D}.Release|Any CPU.Build.0 = Release|Any CPU
		{621E39D3-2B87-4D49-B172-60539356B97D}.Release|Any CPU.Deploy.0 = Release|Any CPU
		{621E39D3-2B87-4D49-B172-60539356B97D}.Release|ARM.ActiveCfg = Release|Any CPU
		{621E39D3-2B87-4D49-B172-60539356B97D}.Release|ARM.Build.0 = Release|Any CPU
		{621E39D3-2B87-4D49-B172-60539356B97D}.Release|ARM.Deploy.0 = Release|Any CPU
		{621E39D3-2B87-4D49-B172-60539356B97D}.Release|iPhone.ActiveCfg = Release|Any CPU
		{621E39D3-2B87-4D49-B172-60539356B97D}.Release|iPhone.Build.0 = Release|Any CPU
		{621E39D3-2B87-4D49-B172-60539356B97D}.Release|iPhone.Deploy.0 = Release|Any CPU
		{621E39D3-2B87-4D49-B172-60539356B97D}.Release|iPhoneSimulator.ActiveCfg = Release|Any CPU
		{621E39D3-2B87-4D49-B172-60539356B97D}.Release|iPhoneSimulator.Build.0 = Release|Any CPU
		{621E39D3-2B87-4D49-B172-60539356B97D}.Release|iPhoneSimulator.Deploy.0 = Release|Any CPU
		{621E39D3-2B87-4D49-B172-60539356B97D}.Release|x64.ActiveCfg = Release|Any CPU
		{621E39D3-2B87-4D49-B172-60539356B97D}.Release|x64.Build.0 = Release|Any CPU
		{621E39D3-2B87-4D49-B172-60539356B97D}.Release|x64.Deploy.0 = Release|Any CPU
		{621E39D3-2B87-4D49-B172-60539356B97D}.Release|x86.ActiveCfg = Release|Any CPU
		{621E39D3-2B87-4D49-B172-60539356B97D}.Release|x86.Build.0 = Release|Any CPU
		{621E39D3-2B87-4D49-B172-60539356B97D}.Release|x86.Deploy.0 = Release|Any CPU
		{082CFB2D-5012-4450-8DB7-724BB620D0F1}.Ad-Hoc|Any CPU.ActiveCfg = Ad-Hoc|iPhone
		{082CFB2D-5012-4450-8DB7-724BB620D0F1}.Ad-Hoc|ARM.ActiveCfg = Ad-Hoc|iPhone
		{082CFB2D-5012-4450-8DB7-724BB620D0F1}.Ad-Hoc|iPhone.ActiveCfg = Ad-Hoc|iPhone
		{082CFB2D-5012-4450-8DB7-724BB620D0F1}.Ad-Hoc|iPhone.Build.0 = Ad-Hoc|iPhone
		{082CFB2D-5012-4450-8DB7-724BB620D0F1}.Ad-Hoc|iPhoneSimulator.ActiveCfg = Ad-Hoc|iPhoneSimulator
		{082CFB2D-5012-4450-8DB7-724BB620D0F1}.Ad-Hoc|iPhoneSimulator.Build.0 = Ad-Hoc|iPhoneSimulator
		{082CFB2D-5012-4450-8DB7-724BB620D0F1}.Ad-Hoc|x64.ActiveCfg = Ad-Hoc|iPhone
		{082CFB2D-5012-4450-8DB7-724BB620D0F1}.Ad-Hoc|x86.ActiveCfg = Ad-Hoc|iPhone
		{082CFB2D-5012-4450-8DB7-724BB620D0F1}.AppStore|Any CPU.ActiveCfg = AppStore|iPhone
		{082CFB2D-5012-4450-8DB7-724BB620D0F1}.AppStore|ARM.ActiveCfg = AppStore|iPhone
		{082CFB2D-5012-4450-8DB7-724BB620D0F1}.AppStore|iPhone.ActiveCfg = AppStore|iPhone
		{082CFB2D-5012-4450-8DB7-724BB620D0F1}.AppStore|iPhone.Build.0 = AppStore|iPhone
		{082CFB2D-5012-4450-8DB7-724BB620D0F1}.AppStore|iPhoneSimulator.ActiveCfg = AppStore|iPhoneSimulator
		{082CFB2D-5012-4450-8DB7-724BB620D0F1}.AppStore|iPhoneSimulator.Build.0 = AppStore|iPhoneSimulator
		{082CFB2D-5012-4450-8DB7-724BB620D0F1}.AppStore|x64.ActiveCfg = AppStore|iPhone
		{082CFB2D-5012-4450-8DB7-724BB620D0F1}.AppStore|x86.ActiveCfg = AppStore|iPhone
		{082CFB2D-5012-4450-8DB7-724BB620D0F1}.Debug|Any CPU.ActiveCfg = Debug|iPhone
		{082CFB2D-5012-4450-8DB7-724BB620D0F1}.Debug|ARM.ActiveCfg = Debug|iPhone
		{082CFB2D-5012-4450-8DB7-724BB620D0F1}.Debug|iPhone.ActiveCfg = Debug|iPhone
		{082CFB2D-5012-4450-8DB7-724BB620D0F1}.Debug|iPhone.Build.0 = Debug|iPhone
		{082CFB2D-5012-4450-8DB7-724BB620D0F1}.Debug|iPhoneSimulator.ActiveCfg = Debug|iPhoneSimulator
		{082CFB2D-5012-4450-8DB7-724BB620D0F1}.Debug|iPhoneSimulator.Build.0 = Debug|iPhoneSimulator
		{082CFB2D-5012-4450-8DB7-724BB620D0F1}.Debug|x64.ActiveCfg = Debug|iPhone
		{082CFB2D-5012-4450-8DB7-724BB620D0F1}.Debug|x86.ActiveCfg = Debug|iPhone
		{082CFB2D-5012-4450-8DB7-724BB620D0F1}.Release|Any CPU.ActiveCfg = Release|iPhone
		{082CFB2D-5012-4450-8DB7-724BB620D0F1}.Release|ARM.ActiveCfg = Release|iPhone
		{082CFB2D-5012-4450-8DB7-724BB620D0F1}.Release|iPhone.ActiveCfg = Release|iPhone
		{082CFB2D-5012-4450-8DB7-724BB620D0F1}.Release|iPhone.Build.0 = Release|iPhone
		{082CFB2D-5012-4450-8DB7-724BB620D0F1}.Release|iPhoneSimulator.ActiveCfg = Release|iPhoneSimulator
		{082CFB2D-5012-4450-8DB7-724BB620D0F1}.Release|iPhoneSimulator.Build.0 = Release|iPhoneSimulator
		{082CFB2D-5012-4450-8DB7-724BB620D0F1}.Release|x64.ActiveCfg = Release|iPhone
		{082CFB2D-5012-4450-8DB7-724BB620D0F1}.Release|x86.ActiveCfg = Release|iPhone
		{6CFC5DC5-3055-4F57-A4BB-7A642614F018}.Ad-Hoc|Any CPU.ActiveCfg = Release|Any CPU
		{6CFC5DC5-3055-4F57-A4BB-7A642614F018}.Ad-Hoc|Any CPU.Build.0 = Release|Any CPU
		{6CFC5DC5-3055-4F57-A4BB-7A642614F018}.Ad-Hoc|Any CPU.Deploy.0 = Release|Any CPU
		{6CFC5DC5-3055-4F57-A4BB-7A642614F018}.Ad-Hoc|ARM.ActiveCfg = Release|ARM
		{6CFC5DC5-3055-4F57-A4BB-7A642614F018}.Ad-Hoc|ARM.Build.0 = Release|ARM
		{6CFC5DC5-3055-4F57-A4BB-7A642614F018}.Ad-Hoc|ARM.Deploy.0 = Release|ARM
		{6CFC5DC5-3055-4F57-A4BB-7A642614F018}.Ad-Hoc|iPhone.ActiveCfg = Release|Any CPU
		{6CFC5DC5-3055-4F57-A4BB-7A642614F018}.Ad-Hoc|iPhone.Build.0 = Release|Any CPU
		{6CFC5DC5-3055-4F57-A4BB-7A642614F018}.Ad-Hoc|iPhone.Deploy.0 = Release|Any CPU
		{6CFC5DC5-3055-4F57-A4BB-7A642614F018}.Ad-Hoc|iPhoneSimulator.ActiveCfg = Release|Any CPU
		{6CFC5DC5-3055-4F57-A4BB-7A642614F018}.Ad-Hoc|iPhoneSimulator.Build.0 = Release|Any CPU
		{6CFC5DC5-3055-4F57-A4BB-7A642614F018}.Ad-Hoc|iPhoneSimulator.Deploy.0 = Release|Any CPU
		{6CFC5DC5-3055-4F57-A4BB-7A642614F018}.Ad-Hoc|x64.ActiveCfg = Release|Any CPU
		{6CFC5DC5-3055-4F57-A4BB-7A642614F018}.Ad-Hoc|x64.Build.0 = Release|Any CPU
		{6CFC5DC5-3055-4F57-A4BB-7A642614F018}.Ad-Hoc|x64.Deploy.0 = Release|Any CPU
		{6CFC5DC5-3055-4F57-A4BB-7A642614F018}.Ad-Hoc|x86.ActiveCfg = Release|x86
		{6CFC5DC5-3055-4F57-A4BB-7A642614F018}.Ad-Hoc|x86.Build.0 = Release|x86
		{6CFC5DC5-3055-4F57-A4BB-7A642614F018}.Ad-Hoc|x86.Deploy.0 = Release|x86
		{6CFC5DC5-3055-4F57-A4BB-7A642614F018}.AppStore|Any CPU.ActiveCfg = Release|Any CPU
		{6CFC5DC5-3055-4F57-A4BB-7A642614F018}.AppStore|Any CPU.Build.0 = Release|Any CPU
		{6CFC5DC5-3055-4F57-A4BB-7A642614F018}.AppStore|Any CPU.Deploy.0 = Release|Any CPU
		{6CFC5DC5-3055-4F57-A4BB-7A642614F018}.AppStore|ARM.ActiveCfg = Release|ARM
		{6CFC5DC5-3055-4F57-A4BB-7A642614F018}.AppStore|ARM.Build.0 = Release|ARM
		{6CFC5DC5-3055-4F57-A4BB-7A642614F018}.AppStore|ARM.Deploy.0 = Release|ARM
		{6CFC5DC5-3055-4F57-A4BB-7A642614F018}.AppStore|iPhone.ActiveCfg = Release|Any CPU
		{6CFC5DC5-3055-4F57-A4BB-7A642614F018}.AppStore|iPhone.Build.0 = Release|Any CPU
		{6CFC5DC5-3055-4F57-A4BB-7A642614F018}.AppStore|iPhone.Deploy.0 = Release|Any CPU
		{6CFC5DC5-3055-4F57-A4BB-7A642614F018}.AppStore|iPhoneSimulator.ActiveCfg = Release|Any CPU
		{6CFC5DC5-3055-4F57-A4BB-7A642614F018}.AppStore|iPhoneSimulator.Build.0 = Release|Any CPU
		{6CFC5DC5-3055-4F57-A4BB-7A642614F018}.AppStore|iPhoneSimulator.Deploy.0 = Release|Any CPU
		{6CFC5DC5-3055-4F57-A4BB-7A642614F018}.AppStore|x64.ActiveCfg = Release|Any CPU
		{6CFC5DC5-3055-4F57-A4BB-7A642614F018}.AppStore|x64.Build.0 = Release|Any CPU
		{6CFC5DC5-3055-4F57-A4BB-7A642614F018}.AppStore|x64.Deploy.0 = Release|Any CPU
		{6CFC5DC5-3055-4F57-A4BB-7A642614F018}.AppStore|x86.ActiveCfg = Release|x86
		{6CFC5DC5-3055-4F57-A4BB-7A642614F018}.AppStore|x86.Build.0 = Release|x86
		{6CFC5DC5-3055-4F57-A4BB-7A642614F018}.AppStore|x86.Deploy.0 = Release|x86
		{6CFC5DC5-3055-4F57-A4BB-7A642614F018}.Debug|Any CPU.ActiveCfg = Debug|Any CPU
		{6CFC5DC5-3055-4F57-A4BB-7A642614F018}.Debug|Any CPU.Build.0 = Debug|Any CPU
		{6CFC5DC5-3055-4F57-A4BB-7A642614F018}.Debug|Any CPU.Deploy.0 = Debug|Any CPU
		{6CFC5DC5-3055-4F57-A4BB-7A642614F018}.Debug|ARM.ActiveCfg = Debug|ARM
		{6CFC5DC5-3055-4F57-A4BB-7A642614F018}.Debug|ARM.Build.0 = Debug|ARM
		{6CFC5DC5-3055-4F57-A4BB-7A642614F018}.Debug|ARM.Deploy.0 = Debug|ARM
		{6CFC5DC5-3055-4F57-A4BB-7A642614F018}.Debug|iPhone.ActiveCfg = Debug|Any CPU
		{6CFC5DC5-3055-4F57-A4BB-7A642614F018}.Debug|iPhone.Build.0 = Debug|Any CPU
		{6CFC5DC5-3055-4F57-A4BB-7A642614F018}.Debug|iPhone.Deploy.0 = Debug|Any CPU
		{6CFC5DC5-3055-4F57-A4BB-7A642614F018}.Debug|iPhoneSimulator.ActiveCfg = Debug|Any CPU
		{6CFC5DC5-3055-4F57-A4BB-7A642614F018}.Debug|iPhoneSimulator.Build.0 = Debug|Any CPU
		{6CFC5DC5-3055-4F57-A4BB-7A642614F018}.Debug|iPhoneSimulator.Deploy.0 = Debug|Any CPU
		{6CFC5DC5-3055-4F57-A4BB-7A642614F018}.Debug|x64.ActiveCfg = Debug|Any CPU
		{6CFC5DC5-3055-4F57-A4BB-7A642614F018}.Debug|x64.Build.0 = Debug|Any CPU
		{6CFC5DC5-3055-4F57-A4BB-7A642614F018}.Debug|x64.Deploy.0 = Debug|Any CPU
		{6CFC5DC5-3055-4F57-A4BB-7A642614F018}.Debug|x86.ActiveCfg = Debug|x86
		{6CFC5DC5-3055-4F57-A4BB-7A642614F018}.Debug|x86.Build.0 = Debug|x86
		{6CFC5DC5-3055-4F57-A4BB-7A642614F018}.Debug|x86.Deploy.0 = Debug|x86
		{6CFC5DC5-3055-4F57-A4BB-7A642614F018}.Release|Any CPU.ActiveCfg = Release|Any CPU
		{6CFC5DC5-3055-4F57-A4BB-7A642614F018}.Release|Any CPU.Build.0 = Release|Any CPU
		{6CFC5DC5-3055-4F57-A4BB-7A642614F018}.Release|Any CPU.Deploy.0 = Release|Any CPU
		{6CFC5DC5-3055-4F57-A4BB-7A642614F018}.Release|ARM.ActiveCfg = Release|ARM
		{6CFC5DC5-3055-4F57-A4BB-7A642614F018}.Release|ARM.Build.0 = Release|ARM
		{6CFC5DC5-3055-4F57-A4BB-7A642614F018}.Release|ARM.Deploy.0 = Release|ARM
		{6CFC5DC5-3055-4F57-A4BB-7A642614F018}.Release|iPhone.ActiveCfg = Release|Any CPU
		{6CFC5DC5-3055-4F57-A4BB-7A642614F018}.Release|iPhone.Build.0 = Release|Any CPU
		{6CFC5DC5-3055-4F57-A4BB-7A642614F018}.Release|iPhone.Deploy.0 = Release|Any CPU
		{6CFC5DC5-3055-4F57-A4BB-7A642614F018}.Release|iPhoneSimulator.ActiveCfg = Release|Any CPU
		{6CFC5DC5-3055-4F57-A4BB-7A642614F018}.Release|iPhoneSimulator.Build.0 = Release|Any CPU
		{6CFC5DC5-3055-4F57-A4BB-7A642614F018}.Release|iPhoneSimulator.Deploy.0 = Release|Any CPU
		{6CFC5DC5-3055-4F57-A4BB-7A642614F018}.Release|x64.ActiveCfg = Release|Any CPU
		{6CFC5DC5-3055-4F57-A4BB-7A642614F018}.Release|x64.Build.0 = Release|Any CPU
		{6CFC5DC5-3055-4F57-A4BB-7A642614F018}.Release|x64.Deploy.0 = Release|Any CPU
		{6CFC5DC5-3055-4F57-A4BB-7A642614F018}.Release|x86.ActiveCfg = Release|x86
		{6CFC5DC5-3055-4F57-A4BB-7A642614F018}.Release|x86.Build.0 = Release|x86
		{6CFC5DC5-3055-4F57-A4BB-7A642614F018}.Release|x86.Deploy.0 = Release|x86
		{A04F1A48-91DC-47DA-B2AC-D726D1C47D76}.Ad-Hoc|Any CPU.ActiveCfg = Release|x86
		{A04F1A48-91DC-47DA-B2AC-D726D1C47D76}.Ad-Hoc|Any CPU.Build.0 = Release|x86
		{A04F1A48-91DC-47DA-B2AC-D726D1C47D76}.Ad-Hoc|Any CPU.Deploy.0 = Release|x86
		{A04F1A48-91DC-47DA-B2AC-D726D1C47D76}.Ad-Hoc|ARM.ActiveCfg = Release|ARM
		{A04F1A48-91DC-47DA-B2AC-D726D1C47D76}.Ad-Hoc|ARM.Build.0 = Release|ARM
		{A04F1A48-91DC-47DA-B2AC-D726D1C47D76}.Ad-Hoc|ARM.Deploy.0 = Release|ARM
		{A04F1A48-91DC-47DA-B2AC-D726D1C47D76}.Ad-Hoc|iPhone.ActiveCfg = Release|x86
		{A04F1A48-91DC-47DA-B2AC-D726D1C47D76}.Ad-Hoc|iPhone.Build.0 = Release|x86
		{A04F1A48-91DC-47DA-B2AC-D726D1C47D76}.Ad-Hoc|iPhone.Deploy.0 = Release|x86
		{A04F1A48-91DC-47DA-B2AC-D726D1C47D76}.Ad-Hoc|iPhoneSimulator.ActiveCfg = Release|x86
		{A04F1A48-91DC-47DA-B2AC-D726D1C47D76}.Ad-Hoc|iPhoneSimulator.Build.0 = Release|x86
		{A04F1A48-91DC-47DA-B2AC-D726D1C47D76}.Ad-Hoc|iPhoneSimulator.Deploy.0 = Release|x86
		{A04F1A48-91DC-47DA-B2AC-D726D1C47D76}.Ad-Hoc|x64.ActiveCfg = Release|x64
		{A04F1A48-91DC-47DA-B2AC-D726D1C47D76}.Ad-Hoc|x64.Build.0 = Release|x64
		{A04F1A48-91DC-47DA-B2AC-D726D1C47D76}.Ad-Hoc|x64.Deploy.0 = Release|x64
		{A04F1A48-91DC-47DA-B2AC-D726D1C47D76}.Ad-Hoc|x86.ActiveCfg = Release|x86
		{A04F1A48-91DC-47DA-B2AC-D726D1C47D76}.Ad-Hoc|x86.Build.0 = Release|x86
		{A04F1A48-91DC-47DA-B2AC-D726D1C47D76}.Ad-Hoc|x86.Deploy.0 = Release|x86
		{A04F1A48-91DC-47DA-B2AC-D726D1C47D76}.AppStore|Any CPU.ActiveCfg = Release|x86
		{A04F1A48-91DC-47DA-B2AC-D726D1C47D76}.AppStore|Any CPU.Build.0 = Release|x86
		{A04F1A48-91DC-47DA-B2AC-D726D1C47D76}.AppStore|Any CPU.Deploy.0 = Release|x86
		{A04F1A48-91DC-47DA-B2AC-D726D1C47D76}.AppStore|ARM.ActiveCfg = Release|ARM
		{A04F1A48-91DC-47DA-B2AC-D726D1C47D76}.AppStore|ARM.Build.0 = Release|ARM
		{A04F1A48-91DC-47DA-B2AC-D726D1C47D76}.AppStore|ARM.Deploy.0 = Release|ARM
		{A04F1A48-91DC-47DA-B2AC-D726D1C47D76}.AppStore|iPhone.ActiveCfg = Release|x86
		{A04F1A48-91DC-47DA-B2AC-D726D1C47D76}.AppStore|iPhone.Build.0 = Release|x86
		{A04F1A48-91DC-47DA-B2AC-D726D1C47D76}.AppStore|iPhone.Deploy.0 = Release|x86
		{A04F1A48-91DC-47DA-B2AC-D726D1C47D76}.AppStore|iPhoneSimulator.ActiveCfg = Release|x86
		{A04F1A48-91DC-47DA-B2AC-D726D1C47D76}.AppStore|iPhoneSimulator.Build.0 = Release|x86
		{A04F1A48-91DC-47DA-B2AC-D726D1C47D76}.AppStore|iPhoneSimulator.Deploy.0 = Release|x86
		{A04F1A48-91DC-47DA-B2AC-D726D1C47D76}.AppStore|x64.ActiveCfg = Release|x64
		{A04F1A48-91DC-47DA-B2AC-D726D1C47D76}.AppStore|x64.Build.0 = Release|x64
		{A04F1A48-91DC-47DA-B2AC-D726D1C47D76}.AppStore|x64.Deploy.0 = Release|x64
		{A04F1A48-91DC-47DA-B2AC-D726D1C47D76}.AppStore|x86.ActiveCfg = Release|x86
		{A04F1A48-91DC-47DA-B2AC-D726D1C47D76}.AppStore|x86.Build.0 = Release|x86
		{A04F1A48-91DC-47DA-B2AC-D726D1C47D76}.AppStore|x86.Deploy.0 = Release|x86
		{A04F1A48-91DC-47DA-B2AC-D726D1C47D76}.Debug|Any CPU.ActiveCfg = Debug|x86
		{A04F1A48-91DC-47DA-B2AC-D726D1C47D76}.Debug|Any CPU.Build.0 = Debug|x86
		{A04F1A48-91DC-47DA-B2AC-D726D1C47D76}.Debug|Any CPU.Deploy.0 = Debug|x86
		{A04F1A48-91DC-47DA-B2AC-D726D1C47D76}.Debug|ARM.ActiveCfg = Debug|ARM
		{A04F1A48-91DC-47DA-B2AC-D726D1C47D76}.Debug|ARM.Build.0 = Debug|ARM
		{A04F1A48-91DC-47DA-B2AC-D726D1C47D76}.Debug|ARM.Deploy.0 = Debug|ARM
		{A04F1A48-91DC-47DA-B2AC-D726D1C47D76}.Debug|iPhone.ActiveCfg = Debug|x86
		{A04F1A48-91DC-47DA-B2AC-D726D1C47D76}.Debug|iPhoneSimulator.ActiveCfg = Debug|x86
		{A04F1A48-91DC-47DA-B2AC-D726D1C47D76}.Debug|x64.ActiveCfg = Debug|x64
		{A04F1A48-91DC-47DA-B2AC-D726D1C47D76}.Debug|x64.Build.0 = Debug|x64
		{A04F1A48-91DC-47DA-B2AC-D726D1C47D76}.Debug|x64.Deploy.0 = Debug|x64
		{A04F1A48-91DC-47DA-B2AC-D726D1C47D76}.Debug|x86.ActiveCfg = Debug|x86
		{A04F1A48-91DC-47DA-B2AC-D726D1C47D76}.Debug|x86.Build.0 = Debug|x86
		{A04F1A48-91DC-47DA-B2AC-D726D1C47D76}.Debug|x86.Deploy.0 = Debug|x86
		{A04F1A48-91DC-47DA-B2AC-D726D1C47D76}.Release|Any CPU.ActiveCfg = Release|x86
		{A04F1A48-91DC-47DA-B2AC-D726D1C47D76}.Release|ARM.ActiveCfg = Release|ARM
		{A04F1A48-91DC-47DA-B2AC-D726D1C47D76}.Release|ARM.Build.0 = Release|ARM
		{A04F1A48-91DC-47DA-B2AC-D726D1C47D76}.Release|ARM.Deploy.0 = Release|ARM
		{A04F1A48-91DC-47DA-B2AC-D726D1C47D76}.Release|iPhone.ActiveCfg = Release|x86
		{A04F1A48-91DC-47DA-B2AC-D726D1C47D76}.Release|iPhoneSimulator.ActiveCfg = Release|x86
		{A04F1A48-91DC-47DA-B2AC-D726D1C47D76}.Release|x64.ActiveCfg = Release|x64
		{A04F1A48-91DC-47DA-B2AC-D726D1C47D76}.Release|x64.Build.0 = Release|x64
		{A04F1A48-91DC-47DA-B2AC-D726D1C47D76}.Release|x64.Deploy.0 = Release|x64
		{A04F1A48-91DC-47DA-B2AC-D726D1C47D76}.Release|x86.ActiveCfg = Release|x86
		{A04F1A48-91DC-47DA-B2AC-D726D1C47D76}.Release|x86.Build.0 = Release|x86
		{A04F1A48-91DC-47DA-B2AC-D726D1C47D76}.Release|x86.Deploy.0 = Release|x86
		{7986BE1E-85D7-45EE-A1DF-77E61DD0F8D8}.Ad-Hoc|Any CPU.ActiveCfg = Release|Any CPU
		{7986BE1E-85D7-45EE-A1DF-77E61DD0F8D8}.Ad-Hoc|Any CPU.Build.0 = Release|Any CPU
		{7986BE1E-85D7-45EE-A1DF-77E61DD0F8D8}.Ad-Hoc|Any CPU.Deploy.0 = Release|Any CPU
		{7986BE1E-85D7-45EE-A1DF-77E61DD0F8D8}.Ad-Hoc|ARM.ActiveCfg = Release|ARM
		{7986BE1E-85D7-45EE-A1DF-77E61DD0F8D8}.Ad-Hoc|ARM.Build.0 = Release|ARM
		{7986BE1E-85D7-45EE-A1DF-77E61DD0F8D8}.Ad-Hoc|ARM.Deploy.0 = Release|ARM
		{7986BE1E-85D7-45EE-A1DF-77E61DD0F8D8}.Ad-Hoc|iPhone.ActiveCfg = Release|Any CPU
		{7986BE1E-85D7-45EE-A1DF-77E61DD0F8D8}.Ad-Hoc|iPhone.Build.0 = Release|Any CPU
		{7986BE1E-85D7-45EE-A1DF-77E61DD0F8D8}.Ad-Hoc|iPhone.Deploy.0 = Release|Any CPU
		{7986BE1E-85D7-45EE-A1DF-77E61DD0F8D8}.Ad-Hoc|iPhoneSimulator.ActiveCfg = Release|Any CPU
		{7986BE1E-85D7-45EE-A1DF-77E61DD0F8D8}.Ad-Hoc|iPhoneSimulator.Build.0 = Release|Any CPU
		{7986BE1E-85D7-45EE-A1DF-77E61DD0F8D8}.Ad-Hoc|iPhoneSimulator.Deploy.0 = Release|Any CPU
		{7986BE1E-85D7-45EE-A1DF-77E61DD0F8D8}.Ad-Hoc|x64.ActiveCfg = Release|x64
		{7986BE1E-85D7-45EE-A1DF-77E61DD0F8D8}.Ad-Hoc|x64.Build.0 = Release|x64
		{7986BE1E-85D7-45EE-A1DF-77E61DD0F8D8}.Ad-Hoc|x64.Deploy.0 = Release|x64
		{7986BE1E-85D7-45EE-A1DF-77E61DD0F8D8}.Ad-Hoc|x86.ActiveCfg = Release|x86
		{7986BE1E-85D7-45EE-A1DF-77E61DD0F8D8}.Ad-Hoc|x86.Build.0 = Release|x86
		{7986BE1E-85D7-45EE-A1DF-77E61DD0F8D8}.Ad-Hoc|x86.Deploy.0 = Release|x86
		{7986BE1E-85D7-45EE-A1DF-77E61DD0F8D8}.AppStore|Any CPU.ActiveCfg = Release|Any CPU
		{7986BE1E-85D7-45EE-A1DF-77E61DD0F8D8}.AppStore|Any CPU.Build.0 = Release|Any CPU
		{7986BE1E-85D7-45EE-A1DF-77E61DD0F8D8}.AppStore|Any CPU.Deploy.0 = Release|Any CPU
		{7986BE1E-85D7-45EE-A1DF-77E61DD0F8D8}.AppStore|ARM.ActiveCfg = Release|ARM
		{7986BE1E-85D7-45EE-A1DF-77E61DD0F8D8}.AppStore|ARM.Build.0 = Release|ARM
		{7986BE1E-85D7-45EE-A1DF-77E61DD0F8D8}.AppStore|ARM.Deploy.0 = Release|ARM
		{7986BE1E-85D7-45EE-A1DF-77E61DD0F8D8}.AppStore|iPhone.ActiveCfg = Release|Any CPU
		{7986BE1E-85D7-45EE-A1DF-77E61DD0F8D8}.AppStore|iPhone.Build.0 = Release|Any CPU
		{7986BE1E-85D7-45EE-A1DF-77E61DD0F8D8}.AppStore|iPhone.Deploy.0 = Release|Any CPU
		{7986BE1E-85D7-45EE-A1DF-77E61DD0F8D8}.AppStore|iPhoneSimulator.ActiveCfg = Release|Any CPU
		{7986BE1E-85D7-45EE-A1DF-77E61DD0F8D8}.AppStore|iPhoneSimulator.Build.0 = Release|Any CPU
		{7986BE1E-85D7-45EE-A1DF-77E61DD0F8D8}.AppStore|iPhoneSimulator.Deploy.0 = Release|Any CPU
		{7986BE1E-85D7-45EE-A1DF-77E61DD0F8D8}.AppStore|x64.ActiveCfg = Release|x64
		{7986BE1E-85D7-45EE-A1DF-77E61DD0F8D8}.AppStore|x64.Build.0 = Release|x64
		{7986BE1E-85D7-45EE-A1DF-77E61DD0F8D8}.AppStore|x64.Deploy.0 = Release|x64
		{7986BE1E-85D7-45EE-A1DF-77E61DD0F8D8}.AppStore|x86.ActiveCfg = Release|x86
		{7986BE1E-85D7-45EE-A1DF-77E61DD0F8D8}.AppStore|x86.Build.0 = Release|x86
		{7986BE1E-85D7-45EE-A1DF-77E61DD0F8D8}.AppStore|x86.Deploy.0 = Release|x86
		{7986BE1E-85D7-45EE-A1DF-77E61DD0F8D8}.Debug|Any CPU.ActiveCfg = Debug|Any CPU
		{7986BE1E-85D7-45EE-A1DF-77E61DD0F8D8}.Debug|Any CPU.Build.0 = Debug|Any CPU
		{7986BE1E-85D7-45EE-A1DF-77E61DD0F8D8}.Debug|Any CPU.Deploy.0 = Debug|Any CPU
		{7986BE1E-85D7-45EE-A1DF-77E61DD0F8D8}.Debug|ARM.ActiveCfg = Debug|ARM
		{7986BE1E-85D7-45EE-A1DF-77E61DD0F8D8}.Debug|ARM.Build.0 = Debug|ARM
		{7986BE1E-85D7-45EE-A1DF-77E61DD0F8D8}.Debug|ARM.Deploy.0 = Debug|ARM
		{7986BE1E-85D7-45EE-A1DF-77E61DD0F8D8}.Debug|iPhone.ActiveCfg = Debug|Any CPU
		{7986BE1E-85D7-45EE-A1DF-77E61DD0F8D8}.Debug|iPhone.Build.0 = Debug|Any CPU
		{7986BE1E-85D7-45EE-A1DF-77E61DD0F8D8}.Debug|iPhone.Deploy.0 = Debug|Any CPU
		{7986BE1E-85D7-45EE-A1DF-77E61DD0F8D8}.Debug|iPhoneSimulator.ActiveCfg = Debug|Any CPU
		{7986BE1E-85D7-45EE-A1DF-77E61DD0F8D8}.Debug|iPhoneSimulator.Build.0 = Debug|Any CPU
		{7986BE1E-85D7-45EE-A1DF-77E61DD0F8D8}.Debug|iPhoneSimulator.Deploy.0 = Debug|Any CPU
		{7986BE1E-85D7-45EE-A1DF-77E61DD0F8D8}.Debug|x64.ActiveCfg = Debug|x64
		{7986BE1E-85D7-45EE-A1DF-77E61DD0F8D8}.Debug|x64.Build.0 = Debug|x64
		{7986BE1E-85D7-45EE-A1DF-77E61DD0F8D8}.Debug|x64.Deploy.0 = Debug|x64
		{7986BE1E-85D7-45EE-A1DF-77E61DD0F8D8}.Debug|x86.ActiveCfg = Debug|x86
		{7986BE1E-85D7-45EE-A1DF-77E61DD0F8D8}.Debug|x86.Build.0 = Debug|x86
		{7986BE1E-85D7-45EE-A1DF-77E61DD0F8D8}.Debug|x86.Deploy.0 = Debug|x86
		{7986BE1E-85D7-45EE-A1DF-77E61DD0F8D8}.Release|Any CPU.ActiveCfg = Release|Any CPU
		{7986BE1E-85D7-45EE-A1DF-77E61DD0F8D8}.Release|Any CPU.Build.0 = Release|Any CPU
		{7986BE1E-85D7-45EE-A1DF-77E61DD0F8D8}.Release|Any CPU.Deploy.0 = Release|Any CPU
		{7986BE1E-85D7-45EE-A1DF-77E61DD0F8D8}.Release|ARM.ActiveCfg = Release|ARM
		{7986BE1E-85D7-45EE-A1DF-77E61DD0F8D8}.Release|ARM.Build.0 = Release|ARM
		{7986BE1E-85D7-45EE-A1DF-77E61DD0F8D8}.Release|ARM.Deploy.0 = Release|ARM
		{7986BE1E-85D7-45EE-A1DF-77E61DD0F8D8}.Release|iPhone.ActiveCfg = Release|Any CPU
		{7986BE1E-85D7-45EE-A1DF-77E61DD0F8D8}.Release|iPhone.Build.0 = Release|Any CPU
		{7986BE1E-85D7-45EE-A1DF-77E61DD0F8D8}.Release|iPhone.Deploy.0 = Release|Any CPU
		{7986BE1E-85D7-45EE-A1DF-77E61DD0F8D8}.Release|iPhoneSimulator.ActiveCfg = Release|Any CPU
		{7986BE1E-85D7-45EE-A1DF-77E61DD0F8D8}.Release|iPhoneSimulator.Build.0 = Release|Any CPU
		{7986BE1E-85D7-45EE-A1DF-77E61DD0F8D8}.Release|iPhoneSimulator.Deploy.0 = Release|Any CPU
		{7986BE1E-85D7-45EE-A1DF-77E61DD0F8D8}.Release|x64.ActiveCfg = Release|x64
		{7986BE1E-85D7-45EE-A1DF-77E61DD0F8D8}.Release|x64.Build.0 = Release|x64
		{7986BE1E-85D7-45EE-A1DF-77E61DD0F8D8}.Release|x64.Deploy.0 = Release|x64
		{7986BE1E-85D7-45EE-A1DF-77E61DD0F8D8}.Release|x86.ActiveCfg = Release|x86
		{7986BE1E-85D7-45EE-A1DF-77E61DD0F8D8}.Release|x86.Build.0 = Release|x86
		{7986BE1E-85D7-45EE-A1DF-77E61DD0F8D8}.Release|x86.Deploy.0 = Release|x86
		{BE551758-1FEB-4476-9259-5D6B4A9BA66E}.Ad-Hoc|Any CPU.ActiveCfg = Release|Any CPU
		{BE551758-1FEB-4476-9259-5D6B4A9BA66E}.Ad-Hoc|Any CPU.Build.0 = Release|Any CPU
		{BE551758-1FEB-4476-9259-5D6B4A9BA66E}.Ad-Hoc|ARM.ActiveCfg = Release|Any CPU
		{BE551758-1FEB-4476-9259-5D6B4A9BA66E}.Ad-Hoc|ARM.Build.0 = Release|Any CPU
		{BE551758-1FEB-4476-9259-5D6B4A9BA66E}.Ad-Hoc|iPhone.ActiveCfg = Release|Any CPU
		{BE551758-1FEB-4476-9259-5D6B4A9BA66E}.Ad-Hoc|iPhone.Build.0 = Release|Any CPU
		{BE551758-1FEB-4476-9259-5D6B4A9BA66E}.Ad-Hoc|iPhoneSimulator.ActiveCfg = Release|Any CPU
		{BE551758-1FEB-4476-9259-5D6B4A9BA66E}.Ad-Hoc|iPhoneSimulator.Build.0 = Release|Any CPU
		{BE551758-1FEB-4476-9259-5D6B4A9BA66E}.Ad-Hoc|x64.ActiveCfg = Release|Any CPU
		{BE551758-1FEB-4476-9259-5D6B4A9BA66E}.Ad-Hoc|x64.Build.0 = Release|Any CPU
		{BE551758-1FEB-4476-9259-5D6B4A9BA66E}.Ad-Hoc|x86.ActiveCfg = Release|Any CPU
		{BE551758-1FEB-4476-9259-5D6B4A9BA66E}.Ad-Hoc|x86.Build.0 = Release|Any CPU
		{BE551758-1FEB-4476-9259-5D6B4A9BA66E}.AppStore|Any CPU.ActiveCfg = Release|Any CPU
		{BE551758-1FEB-4476-9259-5D6B4A9BA66E}.AppStore|Any CPU.Build.0 = Release|Any CPU
		{BE551758-1FEB-4476-9259-5D6B4A9BA66E}.AppStore|ARM.ActiveCfg = Release|Any CPU
		{BE551758-1FEB-4476-9259-5D6B4A9BA66E}.AppStore|ARM.Build.0 = Release|Any CPU
		{BE551758-1FEB-4476-9259-5D6B4A9BA66E}.AppStore|iPhone.ActiveCfg = Release|Any CPU
		{BE551758-1FEB-4476-9259-5D6B4A9BA66E}.AppStore|iPhone.Build.0 = Release|Any CPU
		{BE551758-1FEB-4476-9259-5D6B4A9BA66E}.AppStore|iPhoneSimulator.ActiveCfg = Release|Any CPU
		{BE551758-1FEB-4476-9259-5D6B4A9BA66E}.AppStore|iPhoneSimulator.Build.0 = Release|Any CPU
		{BE551758-1FEB-4476-9259-5D6B4A9BA66E}.AppStore|x64.ActiveCfg = Release|Any CPU
		{BE551758-1FEB-4476-9259-5D6B4A9BA66E}.AppStore|x64.Build.0 = Release|Any CPU
		{BE551758-1FEB-4476-9259-5D6B4A9BA66E}.AppStore|x86.ActiveCfg = Release|Any CPU
		{BE551758-1FEB-4476-9259-5D6B4A9BA66E}.AppStore|x86.Build.0 = Release|Any CPU
		{BE551758-1FEB-4476-9259-5D6B4A9BA66E}.Debug|Any CPU.ActiveCfg = Debug|Any CPU
		{BE551758-1FEB-4476-9259-5D6B4A9BA66E}.Debug|Any CPU.Build.0 = Debug|Any CPU
		{BE551758-1FEB-4476-9259-5D6B4A9BA66E}.Debug|ARM.ActiveCfg = Debug|Any CPU
		{BE551758-1FEB-4476-9259-5D6B4A9BA66E}.Debug|ARM.Build.0 = Debug|Any CPU
		{BE551758-1FEB-4476-9259-5D6B4A9BA66E}.Debug|iPhone.ActiveCfg = Debug|Any CPU
		{BE551758-1FEB-4476-9259-5D6B4A9BA66E}.Debug|iPhone.Build.0 = Debug|Any CPU
		{BE551758-1FEB-4476-9259-5D6B4A9BA66E}.Debug|iPhoneSimulator.ActiveCfg = Debug|Any CPU
		{BE551758-1FEB-4476-9259-5D6B4A9BA66E}.Debug|iPhoneSimulator.Build.0 = Debug|Any CPU
		{BE551758-1FEB-4476-9259-5D6B4A9BA66E}.Debug|x64.ActiveCfg = Debug|Any CPU
		{BE551758-1FEB-4476-9259-5D6B4A9BA66E}.Debug|x64.Build.0 = Debug|Any CPU
		{BE551758-1FEB-4476-9259-5D6B4A9BA66E}.Debug|x86.ActiveCfg = Debug|Any CPU
		{BE551758-1FEB-4476-9259-5D6B4A9BA66E}.Debug|x86.Build.0 = Debug|Any CPU
		{BE551758-1FEB-4476-9259-5D6B4A9BA66E}.Release|Any CPU.ActiveCfg = Release|Any CPU
		{BE551758-1FEB-4476-9259-5D6B4A9BA66E}.Release|Any CPU.Build.0 = Release|Any CPU
		{BE551758-1FEB-4476-9259-5D6B4A9BA66E}.Release|ARM.ActiveCfg = Release|Any CPU
		{BE551758-1FEB-4476-9259-5D6B4A9BA66E}.Release|ARM.Build.0 = Release|Any CPU
		{BE551758-1FEB-4476-9259-5D6B4A9BA66E}.Release|iPhone.ActiveCfg = Release|Any CPU
		{BE551758-1FEB-4476-9259-5D6B4A9BA66E}.Release|iPhone.Build.0 = Release|Any CPU
		{BE551758-1FEB-4476-9259-5D6B4A9BA66E}.Release|iPhoneSimulator.ActiveCfg = Release|Any CPU
		{BE551758-1FEB-4476-9259-5D6B4A9BA66E}.Release|iPhoneSimulator.Build.0 = Release|Any CPU
		{BE551758-1FEB-4476-9259-5D6B4A9BA66E}.Release|x64.ActiveCfg = Release|Any CPU
		{BE551758-1FEB-4476-9259-5D6B4A9BA66E}.Release|x64.Build.0 = Release|Any CPU
		{BE551758-1FEB-4476-9259-5D6B4A9BA66E}.Release|x86.ActiveCfg = Release|Any CPU
		{BE551758-1FEB-4476-9259-5D6B4A9BA66E}.Release|x86.Build.0 = Release|Any CPU
	EndGlobalSection
	GlobalSection(SolutionProperties) = preSolution
		HideSolutionNode = FALSE
	EndGlobalSection
EndGlobal
